
Microsoft Visual Studio Solution File, Format Version 12.00
# Visual Studio Version 16
VisualStudioVersion = 16.0.30717.126
MinimumVisualStudioVersion = 10.0.40219.1
Project("{FAE04EC0-301F-11D3-BF4B-00C04F79EFBC}") = "ProjektZaliczeniowyProgramowanie", "SystemHurtowni\ProjektZaliczeniowyProgramowanie.csproj", "{E499B0E6-0D18-49F3-9D47-F3EED96C95AA}"
EndProject
Global
	GlobalSection(SolutionConfigurationPlatforms) = preSolution
		Debug|Any CPU = Debug|Any CPU
		Release|Any CPU = Release|Any CPU
	EndGlobalSection
	GlobalSection(ProjectConfigurationPlatforms) = postSolution
		{E499B0E6-0D18-49F3-9D47-F3EED96C95AA}.Debug|Any CPU.ActiveCfg = Debug|Any CPU
		{E499B0E6-0D18-49F3-9D47-F3EED96C95AA}.Debug|Any CPU.Build.0 = Debug|Any CPU
		{E499B0E6-0D18-49F3-9D47-F3EED96C95AA}.Release|Any CPU.ActiveCfg = Release|Any CPU
		{E499B0E6-0D18-49F3-9D47-F3EED96C95AA}.Release|Any CPU.Build.0 = Release|Any CPU
	EndGlobalSection
	GlobalSection(SolutionProperties) = preSolution
		HideSolutionNode = FALSE
	EndGlobalSection
	GlobalSection(ExtensibilityGlobals) = postSolution
		SolutionGuid = {0E18B99D-404B-411A-8749-CA6A8AD1FD3E}
	EndGlobalSection
EndGlobal
